
Microsoft Visual Studio Solution File, Format Version 12.00
# Visual Studio Version 16
VisualStudioVersion = 16.0.31019.35
MinimumVisualStudioVersion = 10.0.40219.1
Project("{F184B08F-C81C-45F6-A57F-5ABD9991F28F}") = "SyteLineEdi", "SyteLineEdi\SyteLineEdi.vbproj", "{07258CE5-08FC-4D3C-8D90-EB0CE880D863}"
EndProject
Project("{F184B08F-C81C-45F6-A57F-5ABD9991F28F}") = "FindForm", "FindForm\FindForm.vbproj", "{AA9A84C8-2E4F-42DB-AF69-CFE97AB36B64}"
EndProject
Global
	GlobalSection(SolutionConfigurationPlatforms) = preSolution
		Debug|Any CPU = Debug|Any CPU
		Release|Any CPU = Release|Any CPU
	EndGlobalSection
	GlobalSection(ProjectConfigurationPlatforms) = postSolution
		{07258CE5-08FC-4D3C-8D90-EB0CE880D863}.Debug|Any CPU.ActiveCfg = Debug|Any CPU
		{07258CE5-08FC-4D3C-8D90-EB0CE880D863}.Debug|Any CPU.Build.0 = Debug|Any CPU
		{07258CE5-08FC-4D3C-8D90-EB0CE880D863}.Release|Any CPU.ActiveCfg = Release|Any CPU
		{07258CE5-08FC-4D3C-8D90-EB0CE880D863}.Release|Any CPU.Build.0 = Release|Any CPU
		{AA9A84C8-2E4F-42DB-AF69-CFE97AB36B64}.Debug|Any CPU.ActiveCfg = Debug|Any CPU
		{AA9A84C8-2E4F-42DB-AF69-CFE97AB36B64}.Debug|Any CPU.Build.0 = Debug|Any CPU
		{AA9A84C8-2E4F-42DB-AF69-CFE97AB36B64}.Release|Any CPU.ActiveCfg = Release|Any CPU
		{AA9A84C8-2E4F-42DB-AF69-CFE97AB36B64}.Release|Any CPU.Build.0 = Release|Any CPU
	EndGlobalSection
	GlobalSection(SolutionProperties) = preSolution
		HideSolutionNode = FALSE
	EndGlobalSection
	GlobalSection(ExtensibilityGlobals) = postSolution
		SolutionGuid = {FDE584F7-9143-43C0-97FC-03E909FE9CDA}
	EndGlobalSection
	GlobalSection(TeamFoundationVersionControl) = preSolution
		SccNumberOfProjects = 3
		SccEnterpriseProvider = {4CA58AB2-18FA-4F8D-95D4-32DDF27D184C}
		SccTeamFoundationServer = http://tfsdataserver:8080/tfs/ekipdanismanlik
		SccLocalPath0 = .
		SccProjectUniqueName1 = FindForm\\FindForm.vbproj
		SccProjectName1 = FindForm
		SccLocalPath1 = FindForm
		SccProjectUniqueName2 = SyteLineEdi\\SyteLineEdi.vbproj
		SccProjectName2 = SyteLineEdi
		SccLocalPath2 = SyteLineEdi
	EndGlobalSection
EndGlobal
